
Microsoft Visual Studio Solution File, Format Version 12.00
# Visual Studio 15
VisualStudioVersion = 15.0.28307.136
MinimumVisualStudioVersion = 10.0.40219.1
Project("{FAE04EC0-301F-11D3-BF4B-00C04F79EFBC}") = "AdobeSignApi", "AdobeSignApi\AdobeSignApi.csproj", "{CEE44705-4A60-46EA-82F1-AEC4066CC70D}"
EndProject
Project("{FAE04EC0-301F-11D3-BF4B-00C04F79EFBC}") = "AdobeSignRESTClient", "AdobeSignRESTClient\AdobeSignRESTClient.csproj", "{DCF1A663-A648-4D85-99CC-40E43A3DE697}"
EndProject
Global
	GlobalSection(SolutionConfigurationPlatforms) = preSolution
		Debug|Any CPU = Debug|Any CPU
		Release|Any CPU = Release|Any CPU
	EndGlobalSection
	GlobalSection(ProjectConfigurationPlatforms) = postSolution
		{CEE44705-4A60-46EA-82F1-AEC4066CC70D}.Debug|Any CPU.ActiveCfg = Debug|Any CPU
		{CEE44705-4A60-46EA-82F1-AEC4066CC70D}.Debug|Any CPU.Build.0 = Debug|Any CPU
		{CEE44705-4A60-46EA-82F1-AEC4066CC70D}.Release|Any CPU.ActiveCfg = Release|Any CPU
		{CEE44705-4A60-46EA-82F1-AEC4066CC70D}.Release|Any CPU.Build.0 = Release|Any CPU
		{DCF1A663-A648-4D85-99CC-40E43A3DE697}.Debug|Any CPU.ActiveCfg = Debug|Any CPU
		{DCF1A663-A648-4D85-99CC-40E43A3DE697}.Debug|Any CPU.Build.0 = Debug|Any CPU
		{DCF1A663-A648-4D85-99CC-40E43A3DE697}.Release|Any CPU.ActiveCfg = Release|Any CPU
		{DCF1A663-A648-4D85-99CC-40E43A3DE697}.Release|Any CPU.Build.0 = Release|Any CPU
	EndGlobalSection
	GlobalSection(SolutionProperties) = preSolution
		HideSolutionNode = FALSE
	EndGlobalSection
	GlobalSection(ExtensibilityGlobals) = postSolution
		SolutionGuid = {50A0E368-5CA9-42A9-A818-66B50D7179BE}
	EndGlobalSection
EndGlobal
